
Microsoft Visual Studio Solution File, Format Version 12.00
# Visual Studio Version 16
VisualStudioVersion = 16.0.31624.102
MinimumVisualStudioVersion = 10.0.40219.1
Project("{FAE04EC0-301F-11D3-BF4B-00C04F79EFBC}") = "Coffe Shop", "Coffe Shop\Coffe Shop.csproj", "{CC4C0437-9B2A-4885-BC98-09E2B1841C77}"
EndProject
Global
	GlobalSection(SolutionConfigurationPlatforms) = preSolution
		Debug|Any CPU = Debug|Any CPU
		Release|Any CPU = Release|Any CPU
	EndGlobalSection
	GlobalSection(ProjectConfigurationPlatforms) = postSolution
		{CC4C0437-9B2A-4885-BC98-09E2B1841C77}.Debug|Any CPU.ActiveCfg = Debug|Any CPU
		{CC4C0437-9B2A-4885-BC98-09E2B1841C77}.Debug|Any CPU.Build.0 = Debug|Any CPU
		{CC4C0437-9B2A-4885-BC98-09E2B1841C77}.Release|Any CPU.ActiveCfg = Release|Any CPU
		{CC4C0437-9B2A-4885-BC98-09E2B1841C77}.Release|Any CPU.Build.0 = Release|Any CPU
	EndGlobalSection
	GlobalSection(SolutionProperties) = preSolution
		HideSolutionNode = FALSE
	EndGlobalSection
	GlobalSection(ExtensibilityGlobals) = postSolution
		SolutionGuid = {5938A4C1-3944-4E27-B82F-9CC7491948DD}
	EndGlobalSection
EndGlobal
